{
  "nodes": {
    "flake-utils": {
      "locked": {
        "lastModified": 1656065134,
        "narHash": "sha256-oc6E6ByIw3oJaIyc67maaFcnjYOz1mMcOtHxbEf9NwQ=",
        "owner": "numtide",
        "repo": "flake-utils",
        "rev": "bee6a7250dd1b01844a2de7e02e4df7d8a0a206c",
        "type": "github"
      },
      "original": {
        "owner": "numtide",
        "repo": "flake-utils",
        "type": "github"
      }
    },
    "flake-utils_2": {
      "locked": {
        "lastModified": 1659877975,
        "narHash": "sha256-zllb8aq3YO3h8B/U0/J1WBgAL8EX5yWf5pMj3G0NAmc=",
        "owner": "numtide",
        "repo": "flake-utils",
        "rev": "c0e246b9b83f637f4681389ecabcb2681b4f3af0",
        "type": "github"
      },
      "original": {
        "owner": "numtide",
        "repo": "flake-utils",
        "type": "github"
      }
    },
    "kodama-theme": {
      "inputs": {
        "nixpkgs": "nixpkgs",
        "oxalica": "oxalica"
      },
      "locked": {
        "lastModified": 1659081290,
        "narHash": "sha256-4HWq+yELwVBPed4Ky3zY7EqRimp8j7TYPZBkT3E2498=",
        "owner": "adfaure",
        "repo": "kodama-theme",
        "rev": "1169229d7b57b980bbd14ff54f09f87bf1d197ef",
        "type": "github"
      },
      "original": {
        "owner": "adfaure",
        "repo": "kodama-theme",
        "type": "github"
      }
    },
    "nixpkgs": {
      "locked": {
        "lastModified": 1657972522,
        "narHash": "sha256-JTiKsBT1BwMbtSUsvtSl8ffkiirby8FaujJVGV766Q8=",
        "owner": "NixOS",
        "repo": "nixpkgs",
        "rev": "07a2e6a4e31ea48408861607198972d60adaf4ad",
        "type": "github"
      },
      "original": {
        "owner": "NixOS",
        "ref": "nixos-22.05",
        "repo": "nixpkgs",
        "type": "github"
      }
    },
    "nixpkgs_2": {
      "locked": {
        "lastModified": 1670372410,
        "narHash": "sha256-BDiOUkuqgq5DP+E5xfTzIFYYyMb8DpSLYmeaOBeZ0vg=",
        "owner": "NixOS",
        "repo": "nixpkgs",
        "rev": "5528350186a9e826588cee1329640899ca44a0cf",
        "type": "github"
      },
      "original": {
        "owner": "NixOS",
        "ref": "nixos-22.11",
        "repo": "nixpkgs",
        "type": "github"
      }
    },
    "nixpkgs_3": {
      "locked": {
        "lastModified": 1665296151,
        "narHash": "sha256-uOB0oxqxN9K7XGF1hcnY+PQnlQJ+3bP2vCn/+Ru/bbc=",
        "owner": "NixOS",
        "repo": "nixpkgs",
        "rev": "14ccaaedd95a488dd7ae142757884d8e125b3363",
        "type": "github"
      },
      "original": {
        "owner": "NixOS",
        "ref": "nixpkgs-unstable",
        "repo": "nixpkgs",
        "type": "github"
      }
    },
    "oxalica": {
      "inputs": {
        "flake-utils": "flake-utils",
        "nixpkgs": [
          "kodama-theme",
          "nixpkgs"
        ]
      },
      "locked": {
        "lastModified": 1658199402,
        "narHash": "sha256-R/Zp+fQ6e0iVTOgcZuXFtnD9O6yjxgdHmCtp3g+zz78=",
        "owner": "oxalica",
        "repo": "rust-overlay",
        "rev": "6c4ea1e705e497e064ab82fb90ad99a50b15aba8",
        "type": "github"
      },
      "original": {
        "owner": "oxalica",
        "repo": "rust-overlay",
        "type": "github"
      }
    },
    "oxalica_2": {
      "inputs": {
        "flake-utils": "flake-utils_2",
        "nixpkgs": "nixpkgs_3"
      },
      "locked": {
        "lastModified": 1670466538,
        "narHash": "sha256-qz3MwPVTHJb62vPRJMXJ+waqjEUHrjTyjXyLHqF0DrE=",
        "owner": "oxalica",
        "repo": "rust-overlay",
        "rev": "073959f0687277a54bfaa3ac7a77feb072f88186",
        "type": "github"
      },
      "original": {
        "owner": "oxalica",
        "repo": "rust-overlay",
        "type": "github"
      }
    },
    "root": {
      "inputs": {
        "kodama-theme": "kodama-theme",
        "nixpkgs": "nixpkgs_2",
        "oxalica": "oxalica_2"
      }
    }
  },
  "root": "root",
  "version": 7
}
