{
  "nodes": {
    "flake-utils": {
      "locked": {
        "lastModified": 1656065134,
        "narHash": "sha256-oc6E6ByIw3oJaIyc67maaFcnjYOz1mMcOtHxbEf9NwQ=",
        "owner": "numtide",
        "repo": "flake-utils",
        "rev": "bee6a7250dd1b01844a2de7e02e4df7d8a0a206c",
        "type": "github"
      },
      "original": {
        "owner": "numtide",
        "repo": "flake-utils",
        "type": "github"
      }
    },
    "flake-utils_2": {
      "locked": {
        "lastModified": 1656065134,
        "narHash": "sha256-oc6E6ByIw3oJaIyc67maaFcnjYOz1mMcOtHxbEf9NwQ=",
        "owner": "numtide",
        "repo": "flake-utils",
        "rev": "bee6a7250dd1b01844a2de7e02e4df7d8a0a206c",
        "type": "github"
      },
      "original": {
        "owner": "numtide",
        "repo": "flake-utils",
        "type": "github"
      }
    },
    "kodama-theme": {
      "inputs": {
        "nixpkgs": "nixpkgs",
        "oxalica": "oxalica"
      },
      "locked": {
        "lastModified": 1658942892,
        "narHash": "sha256-yq6PdCZYi9aY8HgfKzyiv5j1+lrDq5hUbEH1W6MDSAk=",
        "owner": "adfaure",
        "repo": "kodama-theme",
        "rev": "2eef3fefd29bad38891796c43b2d9bfc9d5c878a",
        "type": "github"
      },
      "original": {
        "owner": "adfaure",
        "repo": "kodama-theme",
        "type": "github"
      }
    },
    "nixpkgs": {
      "locked": {
        "lastModified": 1657972522,
        "narHash": "sha256-JTiKsBT1BwMbtSUsvtSl8ffkiirby8FaujJVGV766Q8=",
        "owner": "NixOS",
        "repo": "nixpkgs",
        "rev": "07a2e6a4e31ea48408861607198972d60adaf4ad",
        "type": "github"
      },
      "original": {
        "owner": "NixOS",
        "ref": "nixos-22.05",
        "repo": "nixpkgs",
        "type": "github"
      }
    },
    "nixpkgs_2": {
      "locked": {
        "lastModified": 1658346836,
        "narHash": "sha256-c9BZZbi0tqCQ4j6CMVDlsut3Q3ET1Fezf+qIslCfkhs=",
        "owner": "NixOS",
        "repo": "nixpkgs",
        "rev": "a1fe662eb26ffc2a036b37c4670392ade632c413",
        "type": "github"
      },
      "original": {
        "owner": "NixOS",
        "ref": "nixos-21.11",
        "repo": "nixpkgs",
        "type": "github"
      }
    },
    "nixpkgs_3": {
      "locked": {
        "lastModified": 1656401090,
        "narHash": "sha256-bUS2nfQsvTQW2z8SK7oEFSElbmoBahOPtbXPm0AL3I4=",
        "owner": "NixOS",
        "repo": "nixpkgs",
        "rev": "16de63fcc54e88b9a106a603038dd5dd2feb21eb",
        "type": "github"
      },
      "original": {
        "owner": "NixOS",
        "ref": "nixpkgs-unstable",
        "repo": "nixpkgs",
        "type": "github"
      }
    },
    "oxalica": {
      "inputs": {
        "flake-utils": "flake-utils",
        "nixpkgs": [
          "kodama-theme",
          "nixpkgs"
        ]
      },
      "locked": {
        "lastModified": 1658199402,
        "narHash": "sha256-R/Zp+fQ6e0iVTOgcZuXFtnD9O6yjxgdHmCtp3g+zz78=",
        "owner": "oxalica",
        "repo": "rust-overlay",
        "rev": "6c4ea1e705e497e064ab82fb90ad99a50b15aba8",
        "type": "github"
      },
      "original": {
        "owner": "oxalica",
        "repo": "rust-overlay",
        "type": "github"
      }
    },
    "oxalica_2": {
      "inputs": {
        "flake-utils": "flake-utils_2",
        "nixpkgs": "nixpkgs_3"
      },
      "locked": {
        "lastModified": 1658890458,
        "narHash": "sha256-czG3asDAqn2PG8HdjOG+6AEqJazkT/tLuuuScYVYYaA=",
        "owner": "oxalica",
        "repo": "rust-overlay",
        "rev": "c6264ea118f0f9f206329cf7ca4848f4162090b5",
        "type": "github"
      },
      "original": {
        "owner": "oxalica",
        "repo": "rust-overlay",
        "type": "github"
      }
    },
    "root": {
      "inputs": {
        "kodama-theme": "kodama-theme",
        "nixpkgs": "nixpkgs_2",
        "oxalica": "oxalica_2"
      }
    }
  },
  "root": "root",
  "version": 7
}
